<?xml version="1.0" encoding="utf-8"?>
<Project ToolsVersion="4.0" xmlns="http://schemas.microsoft.com/developer/msbuild/2003">
  <ItemGroup>
    <ClCompile Include="main.cpp" />
    <ClCompile Include="Model.cpp">
      <Filter>Model</Filter>
    </ClCompile>
    <ClCompile Include="MotorModule.cpp">
      <Filter>Model</Filter>
    </ClCompile>
    <ClCompile Include="Controller.cpp">
      <Filter>Controller</Filter>
    </ClCompile>
  </ItemGroup>
  <ItemGroup>
    <Filter Include="Model">
      <UniqueIdentifier>{57940dd5-f96a-4559-bf25-f903b04fbb9f}</UniqueIdentifier>
    </Filter>
    <Filter Include="Controller">
      <UniqueIdentifier>{ba030e39-2209-46c1-8122-9ad4b421bfda}</UniqueIdentifier>
    </Filter>
  </ItemGroup>
  <ItemGroup>
    <ClInclude Include="MotorModule.h">
      <Filter>Model</Filter>
    </ClInclude>
    <ClInclude Include="Model.h">
      <Filter>Model</Filter>
    </ClInclude>
    <ClInclude Include="Controller.h">
      <Filter>Controller</Filter>
    </ClInclude>
  </ItemGroup>
</Project>